
Microsoft Visual Studio Solution File, Format Version 12.00
# Visual Studio Version 16
VisualStudioVersion = 16.0.29609.76
MinimumVisualStudioVersion = 10.0.40219.1
Project("{FAE04EC0-301F-11D3-BF4B-00C04F79EFBC}") = "Almazicks", "Almazicks\Almazicks.csproj", "{7E169DB6-F3BF-442A-B758-130C092C9A84}"
EndProject
Project("{FAE04EC0-301F-11D3-BF4B-00C04F79EFBC}") = "BusinessLogic", "BusinessLogic\BusinessLogic.csproj", "{7B01198F-5797-4AA4-A9F5-4B655133B962}"
EndProject
Project("{FAE04EC0-301F-11D3-BF4B-00C04F79EFBC}") = "Data", "Data\Data.csproj", "{1A5F14B2-D951-42AB-B666-9C4DFF464252}"
EndProject
Project("{FAE04EC0-301F-11D3-BF4B-00C04F79EFBC}") = "Almazicks.DataContracts", "DataContracts\Almazicks.DataContracts.csproj", "{6F4A2809-04C5-4756-9498-AC0C3F0C7698}"
EndProject
Global
	GlobalSection(SolutionConfigurationPlatforms) = preSolution
		Debug|Any CPU = Debug|Any CPU
		Release|Any CPU = Release|Any CPU
	EndGlobalSection
	GlobalSection(ProjectConfigurationPlatforms) = postSolution
		{7E169DB6-F3BF-442A-B758-130C092C9A84}.Debug|Any CPU.ActiveCfg = Debug|Any CPU
		{7E169DB6-F3BF-442A-B758-130C092C9A84}.Debug|Any CPU.Build.0 = Debug|Any CPU
		{7E169DB6-F3BF-442A-B758-130C092C9A84}.Release|Any CPU.ActiveCfg = Release|Any CPU
		{7E169DB6-F3BF-442A-B758-130C092C9A84}.Release|Any CPU.Build.0 = Release|Any CPU
		{7B01198F-5797-4AA4-A9F5-4B655133B962}.Debug|Any CPU.ActiveCfg = Debug|Any CPU
		{7B01198F-5797-4AA4-A9F5-4B655133B962}.Debug|Any CPU.Build.0 = Debug|Any CPU
		{7B01198F-5797-4AA4-A9F5-4B655133B962}.Release|Any CPU.ActiveCfg = Release|Any CPU
		{7B01198F-5797-4AA4-A9F5-4B655133B962}.Release|Any CPU.Build.0 = Release|Any CPU
		{1A5F14B2-D951-42AB-B666-9C4DFF464252}.Debug|Any CPU.ActiveCfg = Debug|Any CPU
		{1A5F14B2-D951-42AB-B666-9C4DFF464252}.Debug|Any CPU.Build.0 = Debug|Any CPU
		{1A5F14B2-D951-42AB-B666-9C4DFF464252}.Release|Any CPU.ActiveCfg = Release|Any CPU
		{1A5F14B2-D951-42AB-B666-9C4DFF464252}.Release|Any CPU.Build.0 = Release|Any CPU
		{6F4A2809-04C5-4756-9498-AC0C3F0C7698}.Debug|Any CPU.ActiveCfg = Debug|Any CPU
		{6F4A2809-04C5-4756-9498-AC0C3F0C7698}.Debug|Any CPU.Build.0 = Debug|Any CPU
		{6F4A2809-04C5-4756-9498-AC0C3F0C7698}.Release|Any CPU.ActiveCfg = Release|Any CPU
		{6F4A2809-04C5-4756-9498-AC0C3F0C7698}.Release|Any CPU.Build.0 = Release|Any CPU
	EndGlobalSection
	GlobalSection(SolutionProperties) = preSolution
		HideSolutionNode = FALSE
	EndGlobalSection
	GlobalSection(ExtensibilityGlobals) = postSolution
		SolutionGuid = {ABFE5C3C-BDBB-4CB7-93CC-5EC2BBC42292}
	EndGlobalSection
EndGlobal
